
Microsoft Visual Studio Solution File, Format Version 12.00
# Visual Studio Version 17
VisualStudioVersion = 17.3.32804.467
MinimumVisualStudioVersion = 10.0.40219.1
Project("{FAE04EC0-301F-11D3-BF4B-00C04F79EFBC}") = "areaprograms", "areaprograms\areaprograms.csproj", "{07168469-1AA3-437B-866A-001562247BA9}"
EndProject
Project("{FAE04EC0-301F-11D3-BF4B-00C04F79EFBC}") = "SurfaceAreaAndVolume", "SurfaceAreaAndVolume\SurfaceAreaAndVolume.csproj", "{067F9DEC-4156-433D-8E75-032E37018690}"
EndProject
Project("{FAE04EC0-301F-11D3-BF4B-00C04F79EFBC}") = "Meter", "Meter\Meter.csproj", "{3EE227FF-D0DD-4BB5-86BA-C01D56868CB1}"
EndProject
Global
	GlobalSection(SolutionConfigurationPlatforms) = preSolution
		Debug|Any CPU = Debug|Any CPU
		Release|Any CPU = Release|Any CPU
	EndGlobalSection
	GlobalSection(ProjectConfigurationPlatforms) = postSolution
		{07168469-1AA3-437B-866A-001562247BA9}.Debug|Any CPU.ActiveCfg = Debug|Any CPU
		{07168469-1AA3-437B-866A-001562247BA9}.Debug|Any CPU.Build.0 = Debug|Any CPU
		{07168469-1AA3-437B-866A-001562247BA9}.Release|Any CPU.ActiveCfg = Release|Any CPU
		{07168469-1AA3-437B-866A-001562247BA9}.Release|Any CPU.Build.0 = Release|Any CPU
		{067F9DEC-4156-433D-8E75-032E37018690}.Debug|Any CPU.ActiveCfg = Debug|Any CPU
		{067F9DEC-4156-433D-8E75-032E37018690}.Debug|Any CPU.Build.0 = Debug|Any CPU
		{067F9DEC-4156-433D-8E75-032E37018690}.Release|Any CPU.ActiveCfg = Release|Any CPU
		{067F9DEC-4156-433D-8E75-032E37018690}.Release|Any CPU.Build.0 = Release|Any CPU
		{3EE227FF-D0DD-4BB5-86BA-C01D56868CB1}.Debug|Any CPU.ActiveCfg = Debug|Any CPU
		{3EE227FF-D0DD-4BB5-86BA-C01D56868CB1}.Debug|Any CPU.Build.0 = Debug|Any CPU
		{3EE227FF-D0DD-4BB5-86BA-C01D56868CB1}.Release|Any CPU.ActiveCfg = Release|Any CPU
		{3EE227FF-D0DD-4BB5-86BA-C01D56868CB1}.Release|Any CPU.Build.0 = Release|Any CPU
	EndGlobalSection
	GlobalSection(SolutionProperties) = preSolution
		HideSolutionNode = FALSE
	EndGlobalSection
	GlobalSection(ExtensibilityGlobals) = postSolution
		SolutionGuid = {330F6681-45EB-444C-86E8-B2312B42ACA7}
	EndGlobalSection
EndGlobal
